// !$*UTF8*$!
{
	archiveVersion = 1;
	classes = {
	};
	objectVersion = 46;
	objects = {

/* Begin PBXBuildFile section */
		A6B43BC81F6F0726009431F2 /* AppDelegate.swift in Sources */ = {isa = PBXBuildFile; fileRef = A6B43BC71F6F0726009431F2 /* AppDelegate.swift */; };
		A6B43BCA1F6F0726009431F2 /* ViewController.swift in Sources */ = {isa = PBXBuildFile; fileRef = A6B43BC91F6F0726009431F2 /* ViewController.swift */; };
		A6B43BCF1F6F0726009431F2 /* Assets.xcassets in Resources */ = {isa = PBXBuildFile; fileRef = A6B43BCE1F6F0726009431F2 /* Assets.xcassets */; };
		A6B43BD21F6F0726009431F2 /* LaunchScreen.storyboard in Resources */ = {isa = PBXBuildFile; fileRef = A6B43BD01F6F0726009431F2 /* LaunchScreen.storyboard */; };
		A6B43BDA1F6F0773009431F2 /* ModelObject.swift in Sources */ = {isa = PBXBuildFile; fileRef = A6B43BD91F6F0773009431F2 /* ModelObject.swift */; };
/* End PBXBuildFile section */

/* Begin PBXFileReference section */
		A6B43BC41F6F0726009431F2 /* GCD_Play.app */ = {isa = PBXFileReference; explicitFileType = wrapper.application; includeInIndex = 0; path = GCD_Play.app; sourceTree = BUILT_PRODUCTS_DIR; };
		A6B43BC71F6F0726009431F2 /* AppDelegate.swift */ = {isa = PBXFileReference; lastKnownFileType = sourcecode.swift; path = AppDelegate.swift; sourceTree = "<group>"; };
		A6B43BC91F6F0726009431F2 /* ViewController.swift */ = {isa = PBXFileReference; lastKnownFileType = sourcecode.swift; path = ViewController.swift; sourceTree = "<group>"; };
		A6B43BCE1F6F0726009431F2 /* Assets.xcassets */ = {isa = PBXFileReference; lastKnownFileType = folder.assetcatalog; path = Assets.xcassets; sourceTree = "<group>"; };
		A6B43BD11F6F0726009431F2 /* Base */ = {isa = PBXFileReference; lastKnownFileType = file.storyboard; name = Base; path = Base.lproj/LaunchScreen.storyboard; sourceTree = "<group>"; };
		A6B43BD31F6F0726009431F2 /* Info.plist */ = {isa = PBXFileReference; lastKnownFileType = text.plist.xml; path = Info.plist; sourceTree = "<group>"; };
		A6B43BD91F6F0773009431F2 /* ModelObject.swift */ = {isa = PBXFileReference; fileEncoding = 4; lastKnownFileType = sourcecode.swift; path = ModelObject.swift; sourceTree = "<group>"; };
/* End PBXFileReference section */

/* Begin PBXFrameworksBuildPhase section */
		A6B43BC11F6F0726009431F2 /* Frameworks */ = {
			isa = PBXFrameworksBuildPhase;
			buildActionMask = 2147483647;
			files = (
			);
			runOnlyForDeploymentPostprocessing = 0;
		};
/* End PBXFrameworksBuildPhase section */

/* Begin PBXGroup section */
		A6B43BBB1F6F0726009431F2 = {
			isa = PBXGroup;
			children = (
				A6B43BC61F6F0726009431F2 /* GCD_Play */,
				A6B43BC51F6F0726009431F2 /* Products */,
			);
			sourceTree = "<group>";
		};
		A6B43BC51F6F0726009431F2 /* Products */ = {
			isa = PBXGroup;
			children = (
				A6B43BC41F6F0726009431F2 /* GCD_Play.app */,
			);
			name = Products;
			sourceTree = "<group>";
		};
		A6B43BC61F6F0726009431F2 /* GCD_Play */ = {
			isa = PBXGroup;
			children = (
				A6B43BC71F6F0726009431F2 /* AppDelegate.swift */,
				A6B43BD91F6F0773009431F2 /* ModelObject.swift */,
				A6B43BC91F6F0726009431F2 /* ViewController.swift */,
				A6B43BCE1F6F0726009431F2 /* Assets.xcassets */,
				A6B43BD01F6F0726009431F2 /* LaunchScreen.storyboard */,
				A6B43BD31F6F0726009431F2 /* Info.plist */,
			);
			path = GCD_Play;
			sourceTree = "<group>";
		};
/* End PBXGroup section */

/* Begin PBXNativeTarget section */
		A6B43BC31F6F0726009431F2 /* GCD_Play */ = {
			isa = PBXNativeTarget;
			buildConfigurationList = A6B43BD61F6F0726009431F2 /* Build configuration list for PBXNativeTarget "GCD_Play" */;
			buildPhases = (
				A6B43BC01F6F0726009431F2 /* Sources */,
				A6B43BC11F6F0726009431F2 /* Frameworks */,
				A6B43BC21F6F0726009431F2 /* Resources */,
			);
			buildRules = (
			);
			dependencies = (
			);
			name = GCD_Play;
			productName = GCD_Play;
			productReference = A6B43BC41F6F0726009431F2 /* GCD_Play.app */;
			productType = "com.apple.product-type.application";
		};
/* End PBXNativeTarget section */

/* Begin PBXProject section */
		A6B43BBC1F6F0726009431F2 /* Project object */ = {
			isa = PBXProject;
			attributes = {
				LastSwiftUpdateCheck = 0830;
				LastUpgradeCheck = 0830;
				ORGANIZATIONNAME = "Kevin Remigio";
				TargetAttributes = {
					A6B43BC31F6F0726009431F2 = {
						CreatedOnToolsVersion = 8.3.3;
						ProvisioningStyle = Automatic;
					};
				};
			};
			buildConfigurationList = A6B43BBF1F6F0726009431F2 /* Build configuration list for PBXProject "GCD_Play" */;
			compatibilityVersion = "Xcode 3.2";
			developmentRegion = English;
			hasScannedForEncodings = 0;
			knownRegions = (
				en,
				Base,
			);
			mainGroup = A6B43BBB1F6F0726009431F2;
			productRefGroup = A6B43BC51F6F0726009431F2 /* Products */;
			projectDirPath = "";
			projectRoot = "";
			targets = (
				A6B43BC31F6F0726009431F2 /* GCD_Play */,
			);
		};
/* End PBXProject section */

/* Begin PBXResourcesBuildPhase section */
		A6B43BC21F6F0726009431F2 /* Resources */ = {
			isa = PBXResourcesBuildPhase;
			buildActionMask = 2147483647;
			files = (
				A6B43BD21F6F0726009431F2 /* LaunchScreen.storyboard in Resources */,
				A6B43BCF1F6F0726009431F2 /* Assets.xcassets in Resources */,
			);
			runOnlyForDeploymentPostprocessing = 0;
		};
/* End PBXResourcesBuildPhase section */

/* Begin PBXSourcesBuildPhase section */
		A6B43BC01F6F0726009431F2 /* Sources */ = {
			isa = PBXSourcesBuildPhase;
			buildActionMask = 2147483647;
			files = (
				A6B43BCA1F6F0726009431F2 /* ViewController.swift in Sources */,
				A6B43BDA1F6F0773009431F2 /* ModelObject.swift in Sources */,
				A6B43BC81F6F0726009431F2 /* AppDelegate.swift in Sources */,
			);
			runOnlyForDeploymentPostprocessing = 0;
		};
/* End PBXSourcesBuildPhase section */

/* Begin PBXVariantGroup section */
		A6B43BD01F6F0726009431F2 /* LaunchScreen.storyboard */ = {
			isa = PBXVariantGroup;
			children = (
				A6B43BD11F6F0726009431F2 /* Base */,
			);
			name = LaunchScreen.storyboard;
			sourceTree = "<group>";
		};
/* End PBXVariantGroup section */

/* Begin XCBuildConfiguration section */
		A6B43BD41F6F0726009431F2 /* Debug */ = {
			isa = XCBuildConfiguration;
			buildSettings = {
				ALWAYS_SEARCH_USER_PATHS = NO;
				CLANG_ANALYZER_NONNULL = YES;
				CLANG_ANALYZER_NUMBER_OBJECT_CONVERSION = YES_AGGRESSIVE;
				CLANG_CXX_LANGUAGE_STANDARD = "gnu++0x";
				CLANG_CXX_LIBRARY = "libc++";
				CLANG_ENABLE_MODULES = YES;
				CLANG_ENABLE_OBJC_ARC = YES;
				CLANG_WARN_BOOL_CONVERSION = YES;
				CLANG_WARN_CONSTANT_CONVERSION = YES;
				CLANG_WARN_DIRECT_OBJC_ISA_USAGE = YES_ERROR;
				CLANG_WARN_DOCUMENTATION_COMMENTS = YES;
				CLANG_WARN_EMPTY_BODY = YES;
				CLANG_WARN_ENUM_CONVERSION = YES;
				CLANG_WARN_INFINITE_RECURSION = YES;
				CLANG_WARN_INT_CONVERSION = YES;
				CLANG_WARN_OBJC_ROOT_CLASS = YES_ERROR;
				CLANG_WARN_SUSPICIOUS_MOVE = YES;
				CLANG_WARN_UNREACHABLE_CODE = YES;
				CLANG_WARN__DUPLICATE_METHOD_MATCH = YES;
				"CODE_SIGN_IDENTITY[sdk=iphoneos*]" = "iPhone Developer";
				COPY_PHASE_STRIP = NO;
				DEBUG_INFORMATION_FORMAT = dwarf;
				ENABLE_STRICT_OBJC_MSGSEND = YES;
				ENABLE_TESTABILITY = YES;
				GCC_C_LANGUAGE_STANDARD = gnu99;
				GCC_DYNAMIC_NO_PIC = NO;
				GCC_NO_COMMON_BLOCKS = YES;
				GCC_OPTIMIZATION_LEVEL = 0;
				GCC_PREPROCESSOR_DEFINITIONS = (
					"DEBUG=1",
					"$(inherited)",
				);
				GCC_WARN_64_TO_32_BIT_CONVERSION = YES;
				GCC_WARN_ABOUT_RETURN_TYPE = YES_ERROR;
				GCC_WARN_UNDECLARED_SELECTOR = YES;
				GCC_WARN_UNINITIALIZED_AUTOS = YES_AGGRESSIVE;
				GCC_WARN_UNUSED_FUNCTION = YES;
				GCC_WARN_UNUSED_VARIABLE = YES;
				IPHONEOS_DEPLOYMENT_TARGET = 10.3;
				MTL_ENABLE_DEBUG_INFO = YES;
				ONLY_ACTIVE_ARCH = YES;
				SDKROOT = iphoneos;
				SWIFT_ACTIVE_COMPILATION_CONDITIONS = DEBUG;
				SWIFT_OPTIMIZATION_LEVEL = "-Onone";
			};
			name = Debug;
		};
		A6B43BD51F6F0726009431F2 /* Release */ = {
			isa = XCBuildConfiguration;
			buildSettings = {
				ALWAYS_SEARCH_USER_PATHS = NO;
				CLANG_ANALYZER_NONNULL = YES;
				CLANG_ANALYZER_NUMBER_OBJECT_CONVERSION = YES_AGGRESSIVE;
				CLANG_CXX_LANGUAGE_STANDARD = "gnu++0x";
				CLANG_CXX_LIBRARY = "libc++";
				CLANG_ENABLE_MODULES = YES;
				CLANG_ENABLE_OBJC_ARC = YES;
				CLANG_WARN_BOOL_CONVERSION = YES;
				CLANG_WARN_CONSTANT_CONVERSION = YES;
				CLANG_WARN_DIRECT_OBJC_ISA_USAGE = YES_ERROR;
				CLANG_WARN_DOCUMENTATION_COMMENTS = YES;
				CLANG_WARN_EMPTY_BODY = YES;
				CLANG_WARN_ENUM_CONVERSION = YES;
				CLANG_WARN_INFINITE_RECURSION = YES;
				CLANG_WARN_INT_CONVERSION = YES;
				CLANG_WARN_OBJC_ROOT_CLASS = YES_ERROR;
				CLANG_WARN_SUSPICIOUS_MOVE = YES;
				CLANG_WARN_UNREACHABLE_CODE = YES;
				CLANG_WARN__DUPLICATE_METHOD_MATCH = YES;
				"CODE_SIGN_IDENTITY[sdk=iphoneos*]" = "iPhone Developer";
				COPY_PHASE_STRIP = NO;
				DEBUG_INFORMATION_FORMAT = "dwarf-with-dsym";
				ENABLE_NS_ASSERTIONS = NO;
				ENABLE_STRICT_OBJC_MSGSEND = YES;
				GCC_C_LANGUAGE_STANDARD = gnu99;
				GCC_NO_COMMON_BLOCKS = YES;
				GCC_WARN_64_TO_32_BIT_CONVERSION = YES;
				GCC_WARN_ABOUT_RETURN_TYPE = YES_ERROR;
				GCC_WARN_UNDECLARED_SELECTOR = YES;
				GCC_WARN_UNINITIALIZED_AUTOS = YES_AGGRESSIVE;
				GCC_WARN_UNUSED_FUNCTION = YES;
				GCC_WARN_UNUSED_VARIABLE = YES;
				IPHONEOS_DEPLOYMENT_TARGET = 10.3;
				MTL_ENABLE_DEBUG_INFO = NO;
				SDKROOT = iphoneos;
				SWIFT_OPTIMIZATION_LEVEL = "-Owholemodule";
				VALIDATE_PRODUCT = YES;
			};
			name = Release;
		};
		A6B43BD71F6F0726009431F2 /* Debug */ = {
			isa = XCBuildConfiguration;
			buildSettings = {
				ASSETCATALOG_COMPILER_APPICON_NAME = AppIcon;
				INFOPLIST_FILE = GCD_Play/Info.plist;
				LD_RUNPATH_SEARCH_PATHS = "$(inherited) @executable_path/Frameworks";
				PRODUCT_BUNDLE_IDENTIFIER = "com.kevinremigio.GCD-Play";
				PRODUCT_NAME = "$(TARGET_NAME)";
				SWIFT_VERSION = 3.0;
			};
			name = Debug;
		};
		A6B43BD81F6F0726009431F2 /* Release */ = {
			isa = XCBuildConfiguration;
			buildSettings = {
				ASSETCATALOG_COMPILER_APPICON_NAME = AppIcon;
				INFOPLIST_FILE = GCD_Play/Info.plist;
				LD_RUNPATH_SEARCH_PATHS = "$(inherited) @executable_path/Frameworks";
				PRODUCT_BUNDLE_IDENTIFIER = "com.kevinremigio.GCD-Play";
				PRODUCT_NAME = "$(TARGET_NAME)";
				SWIFT_VERSION = 3.0;
			};
			name = Release;
		};
/* End XCBuildConfiguration section */

/* Begin XCConfigurationList section */
		A6B43BBF1F6F0726009431F2 /* Build configuration list for PBXProject "GCD_Play" */ = {
			isa = XCConfigurationList;
			buildConfigurations = (
				A6B43BD41F6F0726009431F2 /* Debug */,
				A6B43BD51F6F0726009431F2 /* Release */,
			);
			defaultConfigurationIsVisible = 0;
			defaultConfigurationName = Release;
		};
		A6B43BD61F6F0726009431F2 /* Build configuration list for PBXNativeTarget "GCD_Play" */ = {
			isa = XCConfigurationList;
			buildConfigurations = (
				A6B43BD71F6F0726009431F2 /* Debug */,
				A6B43BD81F6F0726009431F2 /* Release */,
			);
			defaultConfigurationIsVisible = 0;
		};
/* End XCConfigurationList section */
	};
	rootObject = A6B43BBC1F6F0726009431F2 /* Project object */;
}
